
Microsoft Visual Studio Solution File, Format Version 11.00
# Visual Studio 2010
Project("{FAE04EC0-301F-11D3-BF4B-00C04F79EFBC}") = "Assembly-CSharp", "Assembly-CSharp.csproj", "{e887d75e-a759-ca7f-9007-f4965b1e4ade}"
EndProject
Global
	GlobalSection(SolutionConfigurationPlatforms) = preSolution
		Debug|Any CPU = Debug|Any CPU
		Release|Any CPU = Release|Any CPU
	EndGlobalSection
	GlobalSection(ProjectConfigurationPlatforms) = postSolution
		{e887d75e-a759-ca7f-9007-f4965b1e4ade}.Debug|Any CPU.ActiveCfg = Debug|Any CPU
		{e887d75e-a759-ca7f-9007-f4965b1e4ade}.Debug|Any CPU.Build.0 = Debug|Any CPU
		{e887d75e-a759-ca7f-9007-f4965b1e4ade}.Release|Any CPU.ActiveCfg = Release|Any CPU
		{e887d75e-a759-ca7f-9007-f4965b1e4ade}.Release|Any CPU.Build.0 = Release|Any CPU
	EndGlobalSection
	GlobalSection(SolutionProperties) = preSolution
		HideSolutionNode = FALSE
	EndGlobalSection
EndGlobal
